
Microsoft Visual Studio Solution File, Format Version 12.00
# Visual Studio Version 17
VisualStudioVersion = 17.10.35027.167
MinimumVisualStudioVersion = 10.0.40219.1
Project("{FAE04EC0-301F-11D3-BF4B-00C04F79EFBC}") = "EF.Core-3", "EF.Core-3.csproj", "{18961628-7ED1-4120-853A-38E572D080B9}"
EndProject
Project("{FAE04EC0-301F-11D3-BF4B-00C04F79EFBC}") = "Demo", "..\Demo\Demo.csproj", "{EE1B316B-123A-41D8-AE11-64BDD537A593}"
EndProject
Global
	GlobalSection(SolutionConfigurationPlatforms) = preSolution
		Debug|Any CPU = Debug|Any CPU
		Release|Any CPU = Release|Any CPU
	EndGlobalSection
	GlobalSection(ProjectConfigurationPlatforms) = postSolution
		{18961628-7ED1-4120-853A-38E572D080B9}.Debug|Any CPU.ActiveCfg = Debug|Any CPU
		{18961628-7ED1-4120-853A-38E572D080B9}.Debug|Any CPU.Build.0 = Debug|Any CPU
		{18961628-7ED1-4120-853A-38E572D080B9}.Release|Any CPU.ActiveCfg = Release|Any CPU
		{18961628-7ED1-4120-853A-38E572D080B9}.Release|Any CPU.Build.0 = Release|Any CPU
		{EE1B316B-123A-41D8-AE11-64BDD537A593}.Debug|Any CPU.ActiveCfg = Debug|Any CPU
		{EE1B316B-123A-41D8-AE11-64BDD537A593}.Debug|Any CPU.Build.0 = Debug|Any CPU
		{EE1B316B-123A-41D8-AE11-64BDD537A593}.Release|Any CPU.ActiveCfg = Release|Any CPU
		{EE1B316B-123A-41D8-AE11-64BDD537A593}.Release|Any CPU.Build.0 = Release|Any CPU
	EndGlobalSection
	GlobalSection(SolutionProperties) = preSolution
		HideSolutionNode = FALSE
	EndGlobalSection
	GlobalSection(ExtensibilityGlobals) = postSolution
		SolutionGuid = {277C3199-5A9E-47F4-8D60-D9B8326084AB}
	EndGlobalSection
EndGlobal
